
Microsoft Visual Studio Solution File, Format Version 12.00
# Visual Studio Version 18
VisualStudioVersion = 18.4.11626.88
MinimumVisualStudioVersion = 10.0.40219.1
Project("{FAE04EC0-301F-11D3-BF4B-00C04F79EFBC}") = "Sistema Academico Integrado", "Sistema Academico Integrado.csproj", "{D17193DB-54AC-95D5-B51C-A701A3F041E8}"
EndProject
Project("{FAE04EC0-301F-11D3-BF4B-00C04F79EFBC}") = "PlataformaEnsino.Tests", "PlataformaEnsino.Tests\PlataformaEnsino.Tests.csproj", "{01A4016C-2DE7-491D-861E-EF9C271DFB47}"
EndProject
Global
	GlobalSection(SolutionConfigurationPlatforms) = preSolution
		Debug|Any CPU = Debug|Any CPU
		Debug|x64 = Debug|x64
		Debug|x86 = Debug|x86
		Release|Any CPU = Release|Any CPU
		Release|x64 = Release|x64
		Release|x86 = Release|x86
	EndGlobalSection
	GlobalSection(ProjectConfigurationPlatforms) = postSolution
		{D17193DB-54AC-95D5-B51C-A701A3F041E8}.Debug|Any CPU.ActiveCfg = Debug|Any CPU
		{D17193DB-54AC-95D5-B51C-A701A3F041E8}.Debug|Any CPU.Build.0 = Debug|Any CPU
		{D17193DB-54AC-95D5-B51C-A701A3F041E8}.Debug|x64.ActiveCfg = Debug|Any CPU
		{D17193DB-54AC-95D5-B51C-A701A3F041E8}.Debug|x64.Build.0 = Debug|Any CPU
		{D17193DB-54AC-95D5-B51C-A701A3F041E8}.Debug|x86.ActiveCfg = Debug|Any CPU
		{D17193DB-54AC-95D5-B51C-A701A3F041E8}.Debug|x86.Build.0 = Debug|Any CPU
		{D17193DB-54AC-95D5-B51C-A701A3F041E8}.Release|Any CPU.ActiveCfg = Release|Any CPU
		{D17193DB-54AC-95D5-B51C-A701A3F041E8}.Release|Any CPU.Build.0 = Release|Any CPU
		{D17193DB-54AC-95D5-B51C-A701A3F041E8}.Release|x64.ActiveCfg = Release|Any CPU
		{D17193DB-54AC-95D5-B51C-A701A3F041E8}.Release|x64.Build.0 = Release|Any CPU
		{D17193DB-54AC-95D5-B51C-A701A3F041E8}.Release|x86.ActiveCfg = Release|Any CPU
		{D17193DB-54AC-95D5-B51C-A701A3F041E8}.Release|x86.Build.0 = Release|Any CPU
		{01A4016C-2DE7-491D-861E-EF9C271DFB47}.Debug|Any CPU.ActiveCfg = Debug|Any CPU
		{01A4016C-2DE7-491D-861E-EF9C271DFB47}.Debug|Any CPU.Build.0 = Debug|Any CPU
		{01A4016C-2DE7-491D-861E-EF9C271DFB47}.Debug|x64.ActiveCfg = Debug|Any CPU
		{01A4016C-2DE7-491D-861E-EF9C271DFB47}.Debug|x64.Build.0 = Debug|Any CPU
		{01A4016C-2DE7-491D-861E-EF9C271DFB47}.Debug|x86.ActiveCfg = Debug|Any CPU
		{01A4016C-2DE7-491D-861E-EF9C271DFB47}.Debug|x86.Build.0 = Debug|Any CPU
		{01A4016C-2DE7-491D-861E-EF9C271DFB47}.Release|Any CPU.ActiveCfg = Release|Any CPU
		{01A4016C-2DE7-491D-861E-EF9C271DFB47}.Release|Any CPU.Build.0 = Release|Any CPU
		{01A4016C-2DE7-491D-861E-EF9C271DFB47}.Release|x64.ActiveCfg = Release|Any CPU
		{01A4016C-2DE7-491D-861E-EF9C271DFB47}.Release|x64.Build.0 = Release|Any CPU
		{01A4016C-2DE7-491D-861E-EF9C271DFB47}.Release|x86.ActiveCfg = Release|Any CPU
		{01A4016C-2DE7-491D-861E-EF9C271DFB47}.Release|x86.Build.0 = Release|Any CPU
	EndGlobalSection
	GlobalSection(SolutionProperties) = preSolution
		HideSolutionNode = FALSE
	EndGlobalSection
	GlobalSection(ExtensibilityGlobals) = postSolution
		SolutionGuid = {79B1A87D-EA22-44B3-AF42-187DFB948BC9}
	EndGlobalSection
EndGlobal
